
Microsoft Visual Studio Solution File, Format Version 12.00
# Visual Studio Version 16
VisualStudioVersion = 16.0.29728.190
MinimumVisualStudioVersion = 10.0.40219.1
Project("{9A19103F-16F7-4668-BE54-9A1E7A4F7556}") = "ApiDump", "ApiDump\ApiDump.csproj", "{63A46FD9-8299-4489-9355-5D940978564E}"
EndProject
Project("{2150E333-8FDC-42A3-9474-1A3956D46DE8}") = "DummyBCL", "DummyBCL", "{AB506438-44F3-47F0-B632-5DA5935AF9C5}"
EndProject
Project("{9A19103F-16F7-4668-BE54-9A1E7A4F7556}") = "System.Runtime", "DummyBCL\System.Runtime\System.Runtime.csproj", "{22077AAA-1278-4884-9BA1-64423A289FC9}"
EndProject
Project("{9A19103F-16F7-4668-BE54-9A1E7A4F7556}") = "mscorlib", "DummyBCL\mscorlib\mscorlib.csproj", "{9BFD65BD-B35A-40F8-B942-597FC5133DC5}"
EndProject
Project("{9A19103F-16F7-4668-BE54-9A1E7A4F7556}") = "netstandard", "DummyBCL\netstandard\netstandard.csproj", "{E9BBB3C6-C6D6-4EF8-8AB0-5B0B2B8F86B7}"
EndProject
Project("{9A19103F-16F7-4668-BE54-9A1E7A4F7556}") = "System.ValueTuple", "DummyBCL\System.ValueTuple\System.ValueTuple.csproj", "{25F30C8B-467B-4E78-BF37-59F38A49A962}"
EndProject
Project("{9A19103F-16F7-4668-BE54-9A1E7A4F7556}") = "TestAssembly", "TestAssembly\TestAssembly.csproj", "{EC37928F-327A-405B-9D53-D61B2B8E64B3}"
EndProject
Global
	GlobalSection(SolutionConfigurationPlatforms) = preSolution
		Debug|Any CPU = Debug|Any CPU
		Release|Any CPU = Release|Any CPU
	EndGlobalSection
	GlobalSection(ProjectConfigurationPlatforms) = postSolution
		{63A46FD9-8299-4489-9355-5D940978564E}.Debug|Any CPU.ActiveCfg = Debug|Any CPU
		{63A46FD9-8299-4489-9355-5D940978564E}.Debug|Any CPU.Build.0 = Debug|Any CPU
		{63A46FD9-8299-4489-9355-5D940978564E}.Release|Any CPU.ActiveCfg = Release|Any CPU
		{63A46FD9-8299-4489-9355-5D940978564E}.Release|Any CPU.Build.0 = Release|Any CPU
		{22077AAA-1278-4884-9BA1-64423A289FC9}.Debug|Any CPU.ActiveCfg = Debug|Any CPU
		{22077AAA-1278-4884-9BA1-64423A289FC9}.Debug|Any CPU.Build.0 = Debug|Any CPU
		{22077AAA-1278-4884-9BA1-64423A289FC9}.Release|Any CPU.ActiveCfg = Release|Any CPU
		{22077AAA-1278-4884-9BA1-64423A289FC9}.Release|Any CPU.Build.0 = Release|Any CPU
		{9BFD65BD-B35A-40F8-B942-597FC5133DC5}.Debug|Any CPU.ActiveCfg = Debug|Any CPU
		{9BFD65BD-B35A-40F8-B942-597FC5133DC5}.Debug|Any CPU.Build.0 = Debug|Any CPU
		{9BFD65BD-B35A-40F8-B942-597FC5133DC5}.Release|Any CPU.ActiveCfg = Release|Any CPU
		{9BFD65BD-B35A-40F8-B942-597FC5133DC5}.Release|Any CPU.Build.0 = Release|Any CPU
		{E9BBB3C6-C6D6-4EF8-8AB0-5B0B2B8F86B7}.Debug|Any CPU.ActiveCfg = Debug|Any CPU
		{E9BBB3C6-C6D6-4EF8-8AB0-5B0B2B8F86B7}.Debug|Any CPU.Build.0 = Debug|Any CPU
		{E9BBB3C6-C6D6-4EF8-8AB0-5B0B2B8F86B7}.Release|Any CPU.ActiveCfg = Release|Any CPU
		{E9BBB3C6-C6D6-4EF8-8AB0-5B0B2B8F86B7}.Release|Any CPU.Build.0 = Release|Any CPU
		{25F30C8B-467B-4E78-BF37-59F38A49A962}.Debug|Any CPU.ActiveCfg = Debug|Any CPU
		{25F30C8B-467B-4E78-BF37-59F38A49A962}.Debug|Any CPU.Build.0 = Debug|Any CPU
		{25F30C8B-467B-4E78-BF37-59F38A49A962}.Release|Any CPU.ActiveCfg = Release|Any CPU
		{25F30C8B-467B-4E78-BF37-59F38A49A962}.Release|Any CPU.Build.0 = Release|Any CPU
		{EC37928F-327A-405B-9D53-D61B2B8E64B3}.Debug|Any CPU.ActiveCfg = Debug|Any CPU
		{EC37928F-327A-405B-9D53-D61B2B8E64B3}.Debug|Any CPU.Build.0 = Debug|Any CPU
		{EC37928F-327A-405B-9D53-D61B2B8E64B3}.Release|Any CPU.ActiveCfg = Release|Any CPU
		{EC37928F-327A-405B-9D53-D61B2B8E64B3}.Release|Any CPU.Build.0 = Release|Any CPU
	EndGlobalSection
	GlobalSection(SolutionProperties) = preSolution
		HideSolutionNode = FALSE
	EndGlobalSection
	GlobalSection(NestedProjects) = preSolution
		{22077AAA-1278-4884-9BA1-64423A289FC9} = {AB506438-44F3-47F0-B632-5DA5935AF9C5}
		{9BFD65BD-B35A-40F8-B942-597FC5133DC5} = {AB506438-44F3-47F0-B632-5DA5935AF9C5}
		{E9BBB3C6-C6D6-4EF8-8AB0-5B0B2B8F86B7} = {AB506438-44F3-47F0-B632-5DA5935AF9C5}
		{25F30C8B-467B-4E78-BF37-59F38A49A962} = {AB506438-44F3-47F0-B632-5DA5935AF9C5}
	EndGlobalSection
	GlobalSection(ExtensibilityGlobals) = postSolution
		SolutionGuid = {33733D12-FDEF-4CB6-A152-5F54E81470CF}
	EndGlobalSection
EndGlobal
